// !$*UTF8*$!
{
	archiveVersion = 1;
	classes = {
	};
	objectVersion = 46;
	objects = {

/* Begin PBXBuildFile section */
		8B73C8661B6B2E6B00DFCB27 /* AppDelegate.swift in Sources */ = {isa = PBXBuildFile; fileRef = 8B73C8651B6B2E6B00DFCB27 /* AppDelegate.swift */; };
		8B73C8681B6B2E6B00DFCB27 /* ViewController.swift in Sources */ = {isa = PBXBuildFile; fileRef = 8B73C8671B6B2E6B00DFCB27 /* ViewController.swift */; };
		8B73C86B1B6B2E6B00DFCB27 /* Main.storyboard in Resources */ = {isa = PBXBuildFile; fileRef = 8B73C8691B6B2E6B00DFCB27 /* Main.storyboard */; };
		8B73C86D1B6B2E6B00DFCB27 /* Images.xcassets in Resources */ = {isa = PBXBuildFile; fileRef = 8B73C86C1B6B2E6B00DFCB27 /* Images.xcassets */; };
		8B73C8701B6B2E6B00DFCB27 /* LaunchScreen.xib in Resources */ = {isa = PBXBuildFile; fileRef = 8B73C86E1B6B2E6B00DFCB27 /* LaunchScreen.xib */; };
		8B73C87C1B6B2E6B00DFCB27 /* RounderTests.swift in Sources */ = {isa = PBXBuildFile; fileRef = 8B73C87B1B6B2E6B00DFCB27 /* RounderTests.swift */; };
/* End PBXBuildFile section */

/* Begin PBXContainerItemProxy section */
		8B73C8761B6B2E6B00DFCB27 /* PBXContainerItemProxy */ = {
			isa = PBXContainerItemProxy;
			containerPortal = 8B73C8581B6B2E6B00DFCB27 /* Project object */;
			proxyType = 1;
			remoteGlobalIDString = 8B73C85F1B6B2E6B00DFCB27;
			remoteInfo = Rounder;
		};
/* End PBXContainerItemProxy section */

/* Begin PBXFileReference section */
		8B73C8601B6B2E6B00DFCB27 /* Rounder.app */ = {isa = PBXFileReference; explicitFileType = wrapper.application; includeInIndex = 0; path = Rounder.app; sourceTree = BUILT_PRODUCTS_DIR; };
		8B73C8641B6B2E6B00DFCB27 /* Info.plist */ = {isa = PBXFileReference; lastKnownFileType = text.plist.xml; path = Info.plist; sourceTree = "<group>"; };
		8B73C8651B6B2E6B00DFCB27 /* AppDelegate.swift */ = {isa = PBXFileReference; lastKnownFileType = sourcecode.swift; path = AppDelegate.swift; sourceTree = "<group>"; };
		8B73C8671B6B2E6B00DFCB27 /* ViewController.swift */ = {isa = PBXFileReference; lastKnownFileType = sourcecode.swift; path = ViewController.swift; sourceTree = "<group>"; };
		8B73C86A1B6B2E6B00DFCB27 /* Base */ = {isa = PBXFileReference; lastKnownFileType = file.storyboard; name = Base; path = Base.lproj/Main.storyboard; sourceTree = "<group>"; };
		8B73C86C1B6B2E6B00DFCB27 /* Images.xcassets */ = {isa = PBXFileReference; lastKnownFileType = folder.assetcatalog; path = Images.xcassets; sourceTree = "<group>"; };
		8B73C86F1B6B2E6B00DFCB27 /* Base */ = {isa = PBXFileReference; lastKnownFileType = file.xib; name = Base; path = Base.lproj/LaunchScreen.xib; sourceTree = "<group>"; };
		8B73C8751B6B2E6B00DFCB27 /* RounderTests.xctest */ = {isa = PBXFileReference; explicitFileType = wrapper.cfbundle; includeInIndex = 0; path = RounderTests.xctest; sourceTree = BUILT_PRODUCTS_DIR; };
		8B73C87A1B6B2E6B00DFCB27 /* Info.plist */ = {isa = PBXFileReference; lastKnownFileType = text.plist.xml; path = Info.plist; sourceTree = "<group>"; };
		8B73C87B1B6B2E6B00DFCB27 /* RounderTests.swift */ = {isa = PBXFileReference; lastKnownFileType = sourcecode.swift; path = RounderTests.swift; sourceTree = "<group>"; };
/* End PBXFileReference section */

/* Begin PBXFrameworksBuildPhase section */
		8B73C85D1B6B2E6B00DFCB27 /* Frameworks */ = {
			isa = PBXFrameworksBuildPhase;
			buildActionMask = 2147483647;
			files = (
			);
			runOnlyForDeploymentPostprocessing = 0;
		};
		8B73C8721B6B2E6B00DFCB27 /* Frameworks */ = {
			isa = PBXFrameworksBuildPhase;
			buildActionMask = 2147483647;
			files = (
			);
			runOnlyForDeploymentPostprocessing = 0;
		};
/* End PBXFrameworksBuildPhase section */

/* Begin PBXGroup section */
		8B73C8571B6B2E6B00DFCB27 = {
			isa = PBXGroup;
			children = (
				8B73C8621B6B2E6B00DFCB27 /* Rounder */,
				8B73C8781B6B2E6B00DFCB27 /* RounderTests */,
				8B73C8611B6B2E6B00DFCB27 /* Products */,
			);
			sourceTree = "<group>";
		};
		8B73C8611B6B2E6B00DFCB27 /* Products */ = {
			isa = PBXGroup;
			children = (
				8B73C8601B6B2E6B00DFCB27 /* Rounder.app */,
				8B73C8751B6B2E6B00DFCB27 /* RounderTests.xctest */,
			);
			name = Products;
			sourceTree = "<group>";
		};
		8B73C8621B6B2E6B00DFCB27 /* Rounder */ = {
			isa = PBXGroup;
			children = (
				8B73C8651B6B2E6B00DFCB27 /* AppDelegate.swift */,
				8B73C8671B6B2E6B00DFCB27 /* ViewController.swift */,
				8B73C8691B6B2E6B00DFCB27 /* Main.storyboard */,
				8B73C86C1B6B2E6B00DFCB27 /* Images.xcassets */,
				8B73C86E1B6B2E6B00DFCB27 /* LaunchScreen.xib */,
				8B73C8631B6B2E6B00DFCB27 /* Supporting Files */,
			);
			path = Rounder;
			sourceTree = "<group>";
		};
		8B73C8631B6B2E6B00DFCB27 /* Supporting Files */ = {
			isa = PBXGroup;
			children = (
				8B73C8641B6B2E6B00DFCB27 /* Info.plist */,
			);
			name = "Supporting Files";
			sourceTree = "<group>";
		};
		8B73C8781B6B2E6B00DFCB27 /* RounderTests */ = {
			isa = PBXGroup;
			children = (
				8B73C87B1B6B2E6B00DFCB27 /* RounderTests.swift */,
				8B73C8791B6B2E6B00DFCB27 /* Supporting Files */,
			);
			path = RounderTests;
			sourceTree = "<group>";
		};
		8B73C8791B6B2E6B00DFCB27 /* Supporting Files */ = {
			isa = PBXGroup;
			children = (
				8B73C87A1B6B2E6B00DFCB27 /* Info.plist */,
			);
			name = "Supporting Files";
			sourceTree = "<group>";
		};
/* End PBXGroup section */

/* Begin PBXNativeTarget section */
		8B73C85F1B6B2E6B00DFCB27 /* Rounder */ = {
			isa = PBXNativeTarget;
			buildConfigurationList = 8B73C87F1B6B2E6B00DFCB27 /* Build configuration list for PBXNativeTarget "Rounder" */;
			buildPhases = (
				8B73C85C1B6B2E6B00DFCB27 /* Sources */,
				8B73C85D1B6B2E6B00DFCB27 /* Frameworks */,
				8B73C85E1B6B2E6B00DFCB27 /* Resources */,
			);
			buildRules = (
			);
			dependencies = (
			);
			name = Rounder;
			productName = Rounder;
			productReference = 8B73C8601B6B2E6B00DFCB27 /* Rounder.app */;
			productType = "com.apple.product-type.application";
		};
		8B73C8741B6B2E6B00DFCB27 /* RounderTests */ = {
			isa = PBXNativeTarget;
			buildConfigurationList = 8B73C8821B6B2E6B00DFCB27 /* Build configuration list for PBXNativeTarget "RounderTests" */;
			buildPhases = (
				8B73C8711B6B2E6B00DFCB27 /* Sources */,
				8B73C8721B6B2E6B00DFCB27 /* Frameworks */,
				8B73C8731B6B2E6B00DFCB27 /* Resources */,
			);
			buildRules = (
			);
			dependencies = (
				8B73C8771B6B2E6B00DFCB27 /* PBXTargetDependency */,
			);
			name = RounderTests;
			productName = RounderTests;
			productReference = 8B73C8751B6B2E6B00DFCB27 /* RounderTests.xctest */;
			productType = "com.apple.product-type.bundle.unit-test";
		};
/* End PBXNativeTarget section */

/* Begin PBXProject section */
		8B73C8581B6B2E6B00DFCB27 /* Project object */ = {
			isa = PBXProject;
			attributes = {
				LastSwiftUpdateCheck = 0700;
				LastUpgradeCheck = 0640;
				ORGANIZATIONNAME = "Cory Alder";
				TargetAttributes = {
					8B73C85F1B6B2E6B00DFCB27 = {
						CreatedOnToolsVersion = 6.4;
					};
					8B73C8741B6B2E6B00DFCB27 = {
						CreatedOnToolsVersion = 6.4;
						TestTargetID = 8B73C85F1B6B2E6B00DFCB27;
					};
				};
			};
			buildConfigurationList = 8B73C85B1B6B2E6B00DFCB27 /* Build configuration list for PBXProject "Rounder" */;
			compatibilityVersion = "Xcode 3.2";
			developmentRegion = English;
			hasScannedForEncodings = 0;
			knownRegions = (
				en,
				Base,
			);
			mainGroup = 8B73C8571B6B2E6B00DFCB27;
			productRefGroup = 8B73C8611B6B2E6B00DFCB27 /* Products */;
			projectDirPath = "";
			projectRoot = "";
			targets = (
				8B73C85F1B6B2E6B00DFCB27 /* Rounder */,
				8B73C8741B6B2E6B00DFCB27 /* RounderTests */,
			);
		};
/* End PBXProject section */

/* Begin PBXResourcesBuildPhase section */
		8B73C85E1B6B2E6B00DFCB27 /* Resources */ = {
			isa = PBXResourcesBuildPhase;
			buildActionMask = 2147483647;
			files = (
				8B73C86B1B6B2E6B00DFCB27 /* Main.storyboard in Resources */,
				8B73C8701B6B2E6B00DFCB27 /* LaunchScreen.xib in Resources */,
				8B73C86D1B6B2E6B00DFCB27 /* Images.xcassets in Resources */,
			);
			runOnlyForDeploymentPostprocessing = 0;
		};
		8B73C8731B6B2E6B00DFCB27 /* Resources */ = {
			isa = PBXResourcesBuildPhase;
			buildActionMask = 2147483647;
			files = (
			);
			runOnlyForDeploymentPostprocessing = 0;
		};
/* End PBXResourcesBuildPhase section */

/* Begin PBXSourcesBuildPhase section */
		8B73C85C1B6B2E6B00DFCB27 /* Sources */ = {
			isa = PBXSourcesBuildPhase;
			buildActionMask = 2147483647;
			files = (
				8B73C8681B6B2E6B00DFCB27 /* ViewController.swift in Sources */,
				8B73C8661B6B2E6B00DFCB27 /* AppDelegate.swift in Sources */,
			);
			runOnlyForDeploymentPostprocessing = 0;
		};
		8B73C8711B6B2E6B00DFCB27 /* Sources */ = {
			isa = PBXSourcesBuildPhase;
			buildActionMask = 2147483647;
			files = (
				8B73C87C1B6B2E6B00DFCB27 /* RounderTests.swift in Sources */,
			);
			runOnlyForDeploymentPostprocessing = 0;
		};
/* End PBXSourcesBuildPhase section */

/* Begin PBXTargetDependency section */
		8B73C8771B6B2E6B00DFCB27 /* PBXTargetDependency */ = {
			isa = PBXTargetDependency;
			target = 8B73C85F1B6B2E6B00DFCB27 /* Rounder */;
			targetProxy = 8B73C8761B6B2E6B00DFCB27 /* PBXContainerItemProxy */;
		};
/* End PBXTargetDependency section */

/* Begin PBXVariantGroup section */
		8B73C8691B6B2E6B00DFCB27 /* Main.storyboard */ = {
			isa = PBXVariantGroup;
			children = (
				8B73C86A1B6B2E6B00DFCB27 /* Base */,
			);
			name = Main.storyboard;
			sourceTree = "<group>";
		};
		8B73C86E1B6B2E6B00DFCB27 /* LaunchScreen.xib */ = {
			isa = PBXVariantGroup;
			children = (
				8B73C86F1B6B2E6B00DFCB27 /* Base */,
			);
			name = LaunchScreen.xib;
			sourceTree = "<group>";
		};
/* End PBXVariantGroup section */

/* Begin XCBuildConfiguration section */
		8B73C87D1B6B2E6B00DFCB27 /* Debug */ = {
			isa = XCBuildConfiguration;
			buildSettings = {
				ALWAYS_SEARCH_USER_PATHS = NO;
				CLANG_CXX_LANGUAGE_STANDARD = "gnu++0x";
				CLANG_CXX_LIBRARY = "libc++";
				CLANG_ENABLE_MODULES = YES;
				CLANG_ENABLE_OBJC_ARC = YES;
				CLANG_WARN_BOOL_CONVERSION = YES;
				CLANG_WARN_CONSTANT_CONVERSION = YES;
				CLANG_WARN_DIRECT_OBJC_ISA_USAGE = YES_ERROR;
				CLANG_WARN_EMPTY_BODY = YES;
				CLANG_WARN_ENUM_CONVERSION = YES;
				CLANG_WARN_INT_CONVERSION = YES;
				CLANG_WARN_OBJC_ROOT_CLASS = YES_ERROR;
				CLANG_WARN_UNREACHABLE_CODE = YES;
				CLANG_WARN__DUPLICATE_METHOD_MATCH = YES;
				"CODE_SIGN_IDENTITY[sdk=iphoneos*]" = "iPhone Developer";
				COPY_PHASE_STRIP = NO;
				DEBUG_INFORMATION_FORMAT = "dwarf-with-dsym";
				ENABLE_STRICT_OBJC_MSGSEND = YES;
				GCC_C_LANGUAGE_STANDARD = gnu99;
				GCC_DYNAMIC_NO_PIC = NO;
				GCC_NO_COMMON_BLOCKS = YES;
				GCC_OPTIMIZATION_LEVEL = 0;
				GCC_PREPROCESSOR_DEFINITIONS = (
					"DEBUG=1",
					"$(inherited)",
				);
				GCC_SYMBOLS_PRIVATE_EXTERN = NO;
				GCC_WARN_64_TO_32_BIT_CONVERSION = YES;
				GCC_WARN_ABOUT_RETURN_TYPE = YES_ERROR;
				GCC_WARN_UNDECLARED_SELECTOR = YES;
				GCC_WARN_UNINITIALIZED_AUTOS = YES_AGGRESSIVE;
				GCC_WARN_UNUSED_FUNCTION = YES;
				GCC_WARN_UNUSED_VARIABLE = YES;
				IPHONEOS_DEPLOYMENT_TARGET = 8.4;
				MTL_ENABLE_DEBUG_INFO = YES;
				ONLY_ACTIVE_ARCH = YES;
				SDKROOT = iphoneos;
				SWIFT_OPTIMIZATION_LEVEL = "-Onone";
			};
			name = Debug;
		};
		8B73C87E1B6B2E6B00DFCB27 /* Release */ = {
			isa = XCBuildConfiguration;
			buildSettings = {
				ALWAYS_SEARCH_USER_PATHS = NO;
				CLANG_CXX_LANGUAGE_STANDARD = "gnu++0x";
				CLANG_CXX_LIBRARY = "libc++";
				CLANG_ENABLE_MODULES = YES;
				CLANG_ENABLE_OBJC_ARC = YES;
				CLANG_WARN_BOOL_CONVERSION = YES;
				CLANG_WARN_CONSTANT_CONVERSION = YES;
				CLANG_WARN_DIRECT_OBJC_ISA_USAGE = YES_ERROR;
				CLANG_WARN_EMPTY_BODY = YES;
				CLANG_WARN_ENUM_CONVERSION = YES;
				CLANG_WARN_INT_CONVERSION = YES;
				CLANG_WARN_OBJC_ROOT_CLASS = YES_ERROR;
				CLANG_WARN_UNREACHABLE_CODE = YES;
				CLANG_WARN__DUPLICATE_METHOD_MATCH = YES;
				"CODE_SIGN_IDENTITY[sdk=iphoneos*]" = "iPhone Developer";
				COPY_PHASE_STRIP = NO;
				DEBUG_INFORMATION_FORMAT = "dwarf-with-dsym";
				ENABLE_NS_ASSERTIONS = NO;
				ENABLE_STRICT_OBJC_MSGSEND = YES;
				GCC_C_LANGUAGE_STANDARD = gnu99;
				GCC_NO_COMMON_BLOCKS = YES;
				GCC_WARN_64_TO_32_BIT_CONVERSION = YES;
				GCC_WARN_ABOUT_RETURN_TYPE = YES_ERROR;
				GCC_WARN_UNDECLARED_SELECTOR = YES;
				GCC_WARN_UNINITIALIZED_AUTOS = YES_AGGRESSIVE;
				GCC_WARN_UNUSED_FUNCTION = YES;
				GCC_WARN_UNUSED_VARIABLE = YES;
				IPHONEOS_DEPLOYMENT_TARGET = 8.4;
				MTL_ENABLE_DEBUG_INFO = NO;
				SDKROOT = iphoneos;
				VALIDATE_PRODUCT = YES;
			};
			name = Release;
		};
		8B73C8801B6B2E6B00DFCB27 /* Debug */ = {
			isa = XCBuildConfiguration;
			buildSettings = {
				ASSETCATALOG_COMPILER_APPICON_NAME = AppIcon;
				INFOPLIST_FILE = Rounder/Info.plist;
				LD_RUNPATH_SEARCH_PATHS = "$(inherited) @executable_path/Frameworks";
				PRODUCT_NAME = "$(TARGET_NAME)";
			};
			name = Debug;
		};
		8B73C8811B6B2E6B00DFCB27 /* Release */ = {
			isa = XCBuildConfiguration;
			buildSettings = {
				ASSETCATALOG_COMPILER_APPICON_NAME = AppIcon;
				INFOPLIST_FILE = Rounder/Info.plist;
				LD_RUNPATH_SEARCH_PATHS = "$(inherited) @executable_path/Frameworks";
				PRODUCT_NAME = "$(TARGET_NAME)";
			};
			name = Release;
		};
		8B73C8831B6B2E6B00DFCB27 /* Debug */ = {
			isa = XCBuildConfiguration;
			buildSettings = {
				BUNDLE_LOADER = "$(TEST_HOST)";
				FRAMEWORK_SEARCH_PATHS = (
					"$(SDKROOT)/Developer/Library/Frameworks",
					"$(inherited)",
				);
				GCC_PREPROCESSOR_DEFINITIONS = (
					"DEBUG=1",
					"$(inherited)",
				);
				INFOPLIST_FILE = RounderTests/Info.plist;
				LD_RUNPATH_SEARCH_PATHS = "$(inherited) @executable_path/Frameworks @loader_path/Frameworks";
				PRODUCT_NAME = "$(TARGET_NAME)";
				TEST_HOST = "$(BUILT_PRODUCTS_DIR)/Rounder.app/Rounder";
			};
			name = Debug;
		};
		8B73C8841B6B2E6B00DFCB27 /* Release */ = {
			isa = XCBuildConfiguration;
			buildSettings = {
				BUNDLE_LOADER = "$(TEST_HOST)";
				FRAMEWORK_SEARCH_PATHS = (
					"$(SDKROOT)/Developer/Library/Frameworks",
					"$(inherited)",
				);
				INFOPLIST_FILE = RounderTests/Info.plist;
				LD_RUNPATH_SEARCH_PATHS = "$(inherited) @executable_path/Frameworks @loader_path/Frameworks";
				PRODUCT_NAME = "$(TARGET_NAME)";
				TEST_HOST = "$(BUILT_PRODUCTS_DIR)/Rounder.app/Rounder";
			};
			name = Release;
		};
/* End XCBuildConfiguration section */

/* Begin XCConfigurationList section */
		8B73C85B1B6B2E6B00DFCB27 /* Build configuration list for PBXProject "Rounder" */ = {
			isa = XCConfigurationList;
			buildConfigurations = (
				8B73C87D1B6B2E6B00DFCB27 /* Debug */,
				8B73C87E1B6B2E6B00DFCB27 /* Release */,
			);
			defaultConfigurationIsVisible = 0;
			defaultConfigurationName = Release;
		};
		8B73C87F1B6B2E6B00DFCB27 /* Build configuration list for PBXNativeTarget "Rounder" */ = {
			isa = XCConfigurationList;
			buildConfigurations = (
				8B73C8801B6B2E6B00DFCB27 /* Debug */,
				8B73C8811B6B2E6B00DFCB27 /* Release */,
			);
			defaultConfigurationIsVisible = 0;
			defaultConfigurationName = Release;
		};
		8B73C8821B6B2E6B00DFCB27 /* Build configuration list for PBXNativeTarget "RounderTests" */ = {
			isa = XCConfigurationList;
			buildConfigurations = (
				8B73C8831B6B2E6B00DFCB27 /* Debug */,
				8B73C8841B6B2E6B00DFCB27 /* Release */,
			);
			defaultConfigurationIsVisible = 0;
			defaultConfigurationName = Release;
		};
/* End XCConfigurationList section */
	};
	rootObject = 8B73C8581B6B2E6B00DFCB27 /* Project object */;
}
